// !$*UTF8*$!
{
	archiveVersion = 1;
	classes = {
	};
	objectVersion = 46;
	objects = {

/* Begin PBXBuildFile section */
		B65363421DB8013600EC80F4 /* AppDelegate.swift in Sources */ = {isa = PBXBuildFile; fileRef = B65363411DB8013600EC80F4 /* AppDelegate.swift */; };
		B65363441DB8013600EC80F4 /* ViewController.swift in Sources */ = {isa = PBXBuildFile; fileRef = B65363431DB8013600EC80F4 /* ViewController.swift */; };
		B65363471DB8013600EC80F4 /* Main.storyboard in Resources */ = {isa = PBXBuildFile; fileRef = B65363451DB8013600EC80F4 /* Main.storyboard */; };
		B65363491DB8013600EC80F4 /* Assets.xcassets in Resources */ = {isa = PBXBuildFile; fileRef = B65363481DB8013600EC80F4 /* Assets.xcassets */; };
		B653634C1DB8013600EC80F4 /* LaunchScreen.storyboard in Resources */ = {isa = PBXBuildFile; fileRef = B653634A1DB8013600EC80F4 /* LaunchScreen.storyboard */; };
		B65363571DB8013600EC80F4 /* CHPagedScrollViewTests.swift in Sources */ = {isa = PBXBuildFile; fileRef = B65363561DB8013600EC80F4 /* CHPagedScrollViewTests.swift */; };
		B65363621DB8013600EC80F4 /* CHPagedScrollViewUITests.swift in Sources */ = {isa = PBXBuildFile; fileRef = B65363611DB8013600EC80F4 /* CHPagedScrollViewUITests.swift */; };
/* End PBXBuildFile section */

/* Begin PBXContainerItemProxy section */
		B65363531DB8013600EC80F4 /* PBXContainerItemProxy */ = {
			isa = PBXContainerItemProxy;
			containerPortal = B65363361DB8013600EC80F4 /* Project object */;
			proxyType = 1;
			remoteGlobalIDString = B653633D1DB8013600EC80F4;
			remoteInfo = CHPagedScrollView;
		};
		B653635E1DB8013600EC80F4 /* PBXContainerItemProxy */ = {
			isa = PBXContainerItemProxy;
			containerPortal = B65363361DB8013600EC80F4 /* Project object */;
			proxyType = 1;
			remoteGlobalIDString = B653633D1DB8013600EC80F4;
			remoteInfo = CHPagedScrollView;
		};
/* End PBXContainerItemProxy section */

/* Begin PBXFileReference section */
		B653633E1DB8013600EC80F4 /* CHPagedScrollView.app */ = {isa = PBXFileReference; explicitFileType = wrapper.application; includeInIndex = 0; path = CHPagedScrollView.app; sourceTree = BUILT_PRODUCTS_DIR; };
		B65363411DB8013600EC80F4 /* AppDelegate.swift */ = {isa = PBXFileReference; lastKnownFileType = sourcecode.swift; path = AppDelegate.swift; sourceTree = "<group>"; };
		B65363431DB8013600EC80F4 /* ViewController.swift */ = {isa = PBXFileReference; lastKnownFileType = sourcecode.swift; path = ViewController.swift; sourceTree = "<group>"; };
		B65363461DB8013600EC80F4 /* Base */ = {isa = PBXFileReference; lastKnownFileType = file.storyboard; name = Base; path = Base.lproj/Main.storyboard; sourceTree = "<group>"; };
		B65363481DB8013600EC80F4 /* Assets.xcassets */ = {isa = PBXFileReference; lastKnownFileType = folder.assetcatalog; path = Assets.xcassets; sourceTree = "<group>"; };
		B653634B1DB8013600EC80F4 /* Base */ = {isa = PBXFileReference; lastKnownFileType = file.storyboard; name = Base; path = Base.lproj/LaunchScreen.storyboard; sourceTree = "<group>"; };
		B653634D1DB8013600EC80F4 /* Info.plist */ = {isa = PBXFileReference; lastKnownFileType = text.plist.xml; path = Info.plist; sourceTree = "<group>"; };
		B65363521DB8013600EC80F4 /* CHPagedScrollViewTests.xctest */ = {isa = PBXFileReference; explicitFileType = wrapper.cfbundle; includeInIndex = 0; path = CHPagedScrollViewTests.xctest; sourceTree = BUILT_PRODUCTS_DIR; };
		B65363561DB8013600EC80F4 /* CHPagedScrollViewTests.swift */ = {isa = PBXFileReference; lastKnownFileType = sourcecode.swift; path = CHPagedScrollViewTests.swift; sourceTree = "<group>"; };
		B65363581DB8013600EC80F4 /* Info.plist */ = {isa = PBXFileReference; lastKnownFileType = text.plist.xml; path = Info.plist; sourceTree = "<group>"; };
		B653635D1DB8013600EC80F4 /* CHPagedScrollViewUITests.xctest */ = {isa = PBXFileReference; explicitFileType = wrapper.cfbundle; includeInIndex = 0; path = CHPagedScrollViewUITests.xctest; sourceTree = BUILT_PRODUCTS_DIR; };
		B65363611DB8013600EC80F4 /* CHPagedScrollViewUITests.swift */ = {isa = PBXFileReference; lastKnownFileType = sourcecode.swift; path = CHPagedScrollViewUITests.swift; sourceTree = "<group>"; };
		B65363631DB8013600EC80F4 /* Info.plist */ = {isa = PBXFileReference; lastKnownFileType = text.plist.xml; path = Info.plist; sourceTree = "<group>"; };
/* End PBXFileReference section */

/* Begin PBXFrameworksBuildPhase section */
		B653633B1DB8013600EC80F4 /* Frameworks */ = {
			isa = PBXFrameworksBuildPhase;
			buildActionMask = 2147483647;
			files = (
			);
			runOnlyForDeploymentPostprocessing = 0;
		};
		B653634F1DB8013600EC80F4 /* Frameworks */ = {
			isa = PBXFrameworksBuildPhase;
			buildActionMask = 2147483647;
			files = (
			);
			runOnlyForDeploymentPostprocessing = 0;
		};
		B653635A1DB8013600EC80F4 /* Frameworks */ = {
			isa = PBXFrameworksBuildPhase;
			buildActionMask = 2147483647;
			files = (
			);
			runOnlyForDeploymentPostprocessing = 0;
		};
/* End PBXFrameworksBuildPhase section */

/* Begin PBXGroup section */
		B65363351DB8013600EC80F4 = {
			isa = PBXGroup;
			children = (
				B65363401DB8013600EC80F4 /* CHPagedScrollView */,
				B65363551DB8013600EC80F4 /* CHPagedScrollViewTests */,
				B65363601DB8013600EC80F4 /* CHPagedScrollViewUITests */,
				B653633F1DB8013600EC80F4 /* Products */,
			);
			sourceTree = "<group>";
		};
		B653633F1DB8013600EC80F4 /* Products */ = {
			isa = PBXGroup;
			children = (
				B653633E1DB8013600EC80F4 /* CHPagedScrollView.app */,
				B65363521DB8013600EC80F4 /* CHPagedScrollViewTests.xctest */,
				B653635D1DB8013600EC80F4 /* CHPagedScrollViewUITests.xctest */,
			);
			name = Products;
			sourceTree = "<group>";
		};
		B65363401DB8013600EC80F4 /* CHPagedScrollView */ = {
			isa = PBXGroup;
			children = (
				B65363411DB8013600EC80F4 /* AppDelegate.swift */,
				B65363431DB8013600EC80F4 /* ViewController.swift */,
				B65363451DB8013600EC80F4 /* Main.storyboard */,
				B65363481DB8013600EC80F4 /* Assets.xcassets */,
				B653634A1DB8013600EC80F4 /* LaunchScreen.storyboard */,
				B653634D1DB8013600EC80F4 /* Info.plist */,
			);
			path = CHPagedScrollView;
			sourceTree = "<group>";
		};
		B65363551DB8013600EC80F4 /* CHPagedScrollViewTests */ = {
			isa = PBXGroup;
			children = (
				B65363561DB8013600EC80F4 /* CHPagedScrollViewTests.swift */,
				B65363581DB8013600EC80F4 /* Info.plist */,
			);
			path = CHPagedScrollViewTests;
			sourceTree = "<group>";
		};
		B65363601DB8013600EC80F4 /* CHPagedScrollViewUITests */ = {
			isa = PBXGroup;
			children = (
				B65363611DB8013600EC80F4 /* CHPagedScrollViewUITests.swift */,
				B65363631DB8013600EC80F4 /* Info.plist */,
			);
			path = CHPagedScrollViewUITests;
			sourceTree = "<group>";
		};
/* End PBXGroup section */

/* Begin PBXNativeTarget section */
		B653633D1DB8013600EC80F4 /* CHPagedScrollView */ = {
			isa = PBXNativeTarget;
			buildConfigurationList = B65363661DB8013600EC80F4 /* Build configuration list for PBXNativeTarget "CHPagedScrollView" */;
			buildPhases = (
				B653633A1DB8013600EC80F4 /* Sources */,
				B653633B1DB8013600EC80F4 /* Frameworks */,
				B653633C1DB8013600EC80F4 /* Resources */,
			);
			buildRules = (
			);
			dependencies = (
			);
			name = CHPagedScrollView;
			productName = CHPagedScrollView;
			productReference = B653633E1DB8013600EC80F4 /* CHPagedScrollView.app */;
			productType = "com.apple.product-type.application";
		};
		B65363511DB8013600EC80F4 /* CHPagedScrollViewTests */ = {
			isa = PBXNativeTarget;
			buildConfigurationList = B65363691DB8013600EC80F4 /* Build configuration list for PBXNativeTarget "CHPagedScrollViewTests" */;
			buildPhases = (
				B653634E1DB8013600EC80F4 /* Sources */,
				B653634F1DB8013600EC80F4 /* Frameworks */,
				B65363501DB8013600EC80F4 /* Resources */,
			);
			buildRules = (
			);
			dependencies = (
				B65363541DB8013600EC80F4 /* PBXTargetDependency */,
			);
			name = CHPagedScrollViewTests;
			productName = CHPagedScrollViewTests;
			productReference = B65363521DB8013600EC80F4 /* CHPagedScrollViewTests.xctest */;
			productType = "com.apple.product-type.bundle.unit-test";
		};
		B653635C1DB8013600EC80F4 /* CHPagedScrollViewUITests */ = {
			isa = PBXNativeTarget;
			buildConfigurationList = B653636C1DB8013600EC80F4 /* Build configuration list for PBXNativeTarget "CHPagedScrollViewUITests" */;
			buildPhases = (
				B65363591DB8013600EC80F4 /* Sources */,
				B653635A1DB8013600EC80F4 /* Frameworks */,
				B653635B1DB8013600EC80F4 /* Resources */,
			);
			buildRules = (
			);
			dependencies = (
				B653635F1DB8013600EC80F4 /* PBXTargetDependency */,
			);
			name = CHPagedScrollViewUITests;
			productName = CHPagedScrollViewUITests;
			productReference = B653635D1DB8013600EC80F4 /* CHPagedScrollViewUITests.xctest */;
			productType = "com.apple.product-type.bundle.ui-testing";
		};
/* End PBXNativeTarget section */

/* Begin PBXProject section */
		B65363361DB8013600EC80F4 /* Project object */ = {
			isa = PBXProject;
			attributes = {
				LastSwiftUpdateCheck = 0800;
				LastUpgradeCheck = 0800;
				ORGANIZATIONNAME = "Christos Hadjikyriacos";
				TargetAttributes = {
					B653633D1DB8013600EC80F4 = {
						CreatedOnToolsVersion = 8.0;
						ProvisioningStyle = Automatic;
					};
					B65363511DB8013600EC80F4 = {
						CreatedOnToolsVersion = 8.0;
						ProvisioningStyle = Automatic;
						TestTargetID = B653633D1DB8013600EC80F4;
					};
					B653635C1DB8013600EC80F4 = {
						CreatedOnToolsVersion = 8.0;
						ProvisioningStyle = Automatic;
						TestTargetID = B653633D1DB8013600EC80F4;
					};
				};
			};
			buildConfigurationList = B65363391DB8013600EC80F4 /* Build configuration list for PBXProject "CHPagedScrollView" */;
			compatibilityVersion = "Xcode 3.2";
			developmentRegion = English;
			hasScannedForEncodings = 0;
			knownRegions = (
				en,
				Base,
			);
			mainGroup = B65363351DB8013600EC80F4;
			productRefGroup = B653633F1DB8013600EC80F4 /* Products */;
			projectDirPath = "";
			projectRoot = "";
			targets = (
				B653633D1DB8013600EC80F4 /* CHPagedScrollView */,
				B65363511DB8013600EC80F4 /* CHPagedScrollViewTests */,
				B653635C1DB8013600EC80F4 /* CHPagedScrollViewUITests */,
			);
		};
/* End PBXProject section */

/* Begin PBXResourcesBuildPhase section */
		B653633C1DB8013600EC80F4 /* Resources */ = {
			isa = PBXResourcesBuildPhase;
			buildActionMask = 2147483647;
			files = (
				B653634C1DB8013600EC80F4 /* LaunchScreen.storyboard in Resources */,
				B65363491DB8013600EC80F4 /* Assets.xcassets in Resources */,
				B65363471DB8013600EC80F4 /* Main.storyboard in Resources */,
			);
			runOnlyForDeploymentPostprocessing = 0;
		};
		B65363501DB8013600EC80F4 /* Resources */ = {
			isa = PBXResourcesBuildPhase;
			buildActionMask = 2147483647;
			files = (
			);
			runOnlyForDeploymentPostprocessing = 0;
		};
		B653635B1DB8013600EC80F4 /* Resources */ = {
			isa = PBXResourcesBuildPhase;
			buildActionMask = 2147483647;
			files = (
			);
			runOnlyForDeploymentPostprocessing = 0;
		};
/* End PBXResourcesBuildPhase section */

/* Begin PBXSourcesBuildPhase section */
		B653633A1DB8013600EC80F4 /* Sources */ = {
			isa = PBXSourcesBuildPhase;
			buildActionMask = 2147483647;
			files = (
				B65363441DB8013600EC80F4 /* ViewController.swift in Sources */,
				B65363421DB8013600EC80F4 /* AppDelegate.swift in Sources */,
			);
			runOnlyForDeploymentPostprocessing = 0;
		};
		B653634E1DB8013600EC80F4 /* Sources */ = {
			isa = PBXSourcesBuildPhase;
			buildActionMask = 2147483647;
			files = (
				B65363571DB8013600EC80F4 /* CHPagedScrollViewTests.swift in Sources */,
			);
			runOnlyForDeploymentPostprocessing = 0;
		};
		B65363591DB8013600EC80F4 /* Sources */ = {
			isa = PBXSourcesBuildPhase;
			buildActionMask = 2147483647;
			files = (
				B65363621DB8013600EC80F4 /* CHPagedScrollViewUITests.swift in Sources */,
			);
			runOnlyForDeploymentPostprocessing = 0;
		};
/* End PBXSourcesBuildPhase section */

/* Begin PBXTargetDependency section */
		B65363541DB8013600EC80F4 /* PBXTargetDependency */ = {
			isa = PBXTargetDependency;
			target = B653633D1DB8013600EC80F4 /* CHPagedScrollView */;
			targetProxy = B65363531DB8013600EC80F4 /* PBXContainerItemProxy */;
		};
		B653635F1DB8013600EC80F4 /* PBXTargetDependency */ = {
			isa = PBXTargetDependency;
			target = B653633D1DB8013600EC80F4 /* CHPagedScrollView */;
			targetProxy = B653635E1DB8013600EC80F4 /* PBXContainerItemProxy */;
		};
/* End PBXTargetDependency section */

/* Begin PBXVariantGroup section */
		B65363451DB8013600EC80F4 /* Main.storyboard */ = {
			isa = PBXVariantGroup;
			children = (
				B65363461DB8013600EC80F4 /* Base */,
			);
			name = Main.storyboard;
			sourceTree = "<group>";
		};
		B653634A1DB8013600EC80F4 /* LaunchScreen.storyboard */ = {
			isa = PBXVariantGroup;
			children = (
				B653634B1DB8013600EC80F4 /* Base */,
			);
			name = LaunchScreen.storyboard;
			sourceTree = "<group>";
		};
/* End PBXVariantGroup section */

/* Begin XCBuildConfiguration section */
		B65363641DB8013600EC80F4 /* Debug */ = {
			isa = XCBuildConfiguration;
			buildSettings = {
				ALWAYS_SEARCH_USER_PATHS = NO;
				CLANG_ANALYZER_NONNULL = YES;
				CLANG_CXX_LANGUAGE_STANDARD = "gnu++0x";
				CLANG_CXX_LIBRARY = "libc++";
				CLANG_ENABLE_MODULES = YES;
				CLANG_ENABLE_OBJC_ARC = YES;
				CLANG_WARN_BOOL_CONVERSION = YES;
				CLANG_WARN_CONSTANT_CONVERSION = YES;
				CLANG_WARN_DIRECT_OBJC_ISA_USAGE = YES_ERROR;
				CLANG_WARN_DOCUMENTATION_COMMENTS = YES;
				CLANG_WARN_EMPTY_BODY = YES;
				CLANG_WARN_ENUM_CONVERSION = YES;
				CLANG_WARN_INFINITE_RECURSION = YES;
				CLANG_WARN_INT_CONVERSION = YES;
				CLANG_WARN_OBJC_ROOT_CLASS = YES_ERROR;
				CLANG_WARN_SUSPICIOUS_MOVES = YES;
				CLANG_WARN_UNREACHABLE_CODE = YES;
				CLANG_WARN__DUPLICATE_METHOD_MATCH = YES;
				"CODE_SIGN_IDENTITY[sdk=iphoneos*]" = "iPhone Developer";
				COPY_PHASE_STRIP = NO;
				DEBUG_INFORMATION_FORMAT = dwarf;
				ENABLE_STRICT_OBJC_MSGSEND = YES;
				ENABLE_TESTABILITY = YES;
				GCC_C_LANGUAGE_STANDARD = gnu99;
				GCC_DYNAMIC_NO_PIC = NO;
				GCC_NO_COMMON_BLOCKS = YES;
				GCC_OPTIMIZATION_LEVEL = 0;
				GCC_PREPROCESSOR_DEFINITIONS = (
					"DEBUG=1",
					"$(inherited)",
				);
				GCC_WARN_64_TO_32_BIT_CONVERSION = YES;
				GCC_WARN_ABOUT_RETURN_TYPE = YES_ERROR;
				GCC_WARN_UNDECLARED_SELECTOR = YES;
				GCC_WARN_UNINITIALIZED_AUTOS = YES_AGGRESSIVE;
				GCC_WARN_UNUSED_FUNCTION = YES;
				GCC_WARN_UNUSED_VARIABLE = YES;
				IPHONEOS_DEPLOYMENT_TARGET = 10.0;
				MTL_ENABLE_DEBUG_INFO = YES;
				ONLY_ACTIVE_ARCH = YES;
				SDKROOT = iphoneos;
				SWIFT_ACTIVE_COMPILATION_CONDITIONS = DEBUG;
				SWIFT_OPTIMIZATION_LEVEL = "-Onone";
				TARGETED_DEVICE_FAMILY = "1,2";
			};
			name = Debug;
		};
		B65363651DB8013600EC80F4 /* Release */ = {
			isa = XCBuildConfiguration;
			buildSettings = {
				ALWAYS_SEARCH_USER_PATHS = NO;
				CLANG_ANALYZER_NONNULL = YES;
				CLANG_CXX_LANGUAGE_STANDARD = "gnu++0x";
				CLANG_CXX_LIBRARY = "libc++";
				CLANG_ENABLE_MODULES = YES;
				CLANG_ENABLE_OBJC_ARC = YES;
				CLANG_WARN_BOOL_CONVERSION = YES;
				CLANG_WARN_CONSTANT_CONVERSION = YES;
				CLANG_WARN_DIRECT_OBJC_ISA_USAGE = YES_ERROR;
				CLANG_WARN_DOCUMENTATION_COMMENTS = YES;
				CLANG_WARN_EMPTY_BODY = YES;
				CLANG_WARN_ENUM_CONVERSION = YES;
				CLANG_WARN_INFINITE_RECURSION = YES;
				CLANG_WARN_INT_CONVERSION = YES;
				CLANG_WARN_OBJC_ROOT_CLASS = YES_ERROR;
				CLANG_WARN_SUSPICIOUS_MOVES = YES;
				CLANG_WARN_UNREACHABLE_CODE = YES;
				CLANG_WARN__DUPLICATE_METHOD_MATCH = YES;
				"CODE_SIGN_IDENTITY[sdk=iphoneos*]" = "iPhone Developer";
				COPY_PHASE_STRIP = NO;
				DEBUG_INFORMATION_FORMAT = "dwarf-with-dsym";
				ENABLE_NS_ASSERTIONS = NO;
				ENABLE_STRICT_OBJC_MSGSEND = YES;
				GCC_C_LANGUAGE_STANDARD = gnu99;
				GCC_NO_COMMON_BLOCKS = YES;
				GCC_WARN_64_TO_32_BIT_CONVERSION = YES;
				GCC_WARN_ABOUT_RETURN_TYPE = YES_ERROR;
				GCC_WARN_UNDECLARED_SELECTOR = YES;
				GCC_WARN_UNINITIALIZED_AUTOS = YES_AGGRESSIVE;
				GCC_WARN_UNUSED_FUNCTION = YES;
				GCC_WARN_UNUSED_VARIABLE = YES;
				IPHONEOS_DEPLOYMENT_TARGET = 10.0;
				MTL_ENABLE_DEBUG_INFO = NO;
				SDKROOT = iphoneos;
				SWIFT_OPTIMIZATION_LEVEL = "-Owholemodule";
				TARGETED_DEVICE_FAMILY = "1,2";
				VALIDATE_PRODUCT = YES;
			};
			name = Release;
		};
		B65363671DB8013600EC80F4 /* Debug */ = {
			isa = XCBuildConfiguration;
			buildSettings = {
				ASSETCATALOG_COMPILER_APPICON_NAME = AppIcon;
				INFOPLIST_FILE = CHPagedScrollView/Info.plist;
				LD_RUNPATH_SEARCH_PATHS = "$(inherited) @executable_path/Frameworks";
				PRODUCT_BUNDLE_IDENTIFIER = Christos.Chadjikyriacou.CHPagedScrollView;
				PRODUCT_NAME = "$(TARGET_NAME)";
				SWIFT_VERSION = 3.0;
			};
			name = Debug;
		};
		B65363681DB8013600EC80F4 /* Release */ = {
			isa = XCBuildConfiguration;
			buildSettings = {
				ASSETCATALOG_COMPILER_APPICON_NAME = AppIcon;
				INFOPLIST_FILE = CHPagedScrollView/Info.plist;
				LD_RUNPATH_SEARCH_PATHS = "$(inherited) @executable_path/Frameworks";
				PRODUCT_BUNDLE_IDENTIFIER = Christos.Chadjikyriacou.CHPagedScrollView;
				PRODUCT_NAME = "$(TARGET_NAME)";
				SWIFT_VERSION = 3.0;
			};
			name = Release;
		};
		B653636A1DB8013600EC80F4 /* Debug */ = {
			isa = XCBuildConfiguration;
			buildSettings = {
				ALWAYS_EMBED_SWIFT_STANDARD_LIBRARIES = YES;
				BUNDLE_LOADER = "$(TEST_HOST)";
				INFOPLIST_FILE = CHPagedScrollViewTests/Info.plist;
				LD_RUNPATH_SEARCH_PATHS = "$(inherited) @executable_path/Frameworks @loader_path/Frameworks";
				PRODUCT_BUNDLE_IDENTIFIER = Christos.Chadjikyriacou.CHPagedScrollViewTests;
				PRODUCT_NAME = "$(TARGET_NAME)";
				SWIFT_VERSION = 3.0;
				TEST_HOST = "$(BUILT_PRODUCTS_DIR)/CHPagedScrollView.app/CHPagedScrollView";
			};
			name = Debug;
		};
		B653636B1DB8013600EC80F4 /* Release */ = {
			isa = XCBuildConfiguration;
			buildSettings = {
				ALWAYS_EMBED_SWIFT_STANDARD_LIBRARIES = YES;
				BUNDLE_LOADER = "$(TEST_HOST)";
				INFOPLIST_FILE = CHPagedScrollViewTests/Info.plist;
				LD_RUNPATH_SEARCH_PATHS = "$(inherited) @executable_path/Frameworks @loader_path/Frameworks";
				PRODUCT_BUNDLE_IDENTIFIER = Christos.Chadjikyriacou.CHPagedScrollViewTests;
				PRODUCT_NAME = "$(TARGET_NAME)";
				SWIFT_VERSION = 3.0;
				TEST_HOST = "$(BUILT_PRODUCTS_DIR)/CHPagedScrollView.app/CHPagedScrollView";
			};
			name = Release;
		};
		B653636D1DB8013600EC80F4 /* Debug */ = {
			isa = XCBuildConfiguration;
			buildSettings = {
				ALWAYS_EMBED_SWIFT_STANDARD_LIBRARIES = YES;
				INFOPLIST_FILE = CHPagedScrollViewUITests/Info.plist;
				LD_RUNPATH_SEARCH_PATHS = "$(inherited) @executable_path/Frameworks @loader_path/Frameworks";
				PRODUCT_BUNDLE_IDENTIFIER = Christos.Chadjikyriacou.CHPagedScrollViewUITests;
				PRODUCT_NAME = "$(TARGET_NAME)";
				SWIFT_VERSION = 3.0;
				TEST_TARGET_NAME = CHPagedScrollView;
			};
			name = Debug;
		};
		B653636E1DB8013600EC80F4 /* Release */ = {
			isa = XCBuildConfiguration;
			buildSettings = {
				ALWAYS_EMBED_SWIFT_STANDARD_LIBRARIES = YES;
				INFOPLIST_FILE = CHPagedScrollViewUITests/Info.plist;
				LD_RUNPATH_SEARCH_PATHS = "$(inherited) @executable_path/Frameworks @loader_path/Frameworks";
				PRODUCT_BUNDLE_IDENTIFIER = Christos.Chadjikyriacou.CHPagedScrollViewUITests;
				PRODUCT_NAME = "$(TARGET_NAME)";
				SWIFT_VERSION = 3.0;
				TEST_TARGET_NAME = CHPagedScrollView;
			};
			name = Release;
		};
/* End XCBuildConfiguration section */

/* Begin XCConfigurationList section */
		B65363391DB8013600EC80F4 /* Build configuration list for PBXProject "CHPagedScrollView" */ = {
			isa = XCConfigurationList;
			buildConfigurations = (
				B65363641DB8013600EC80F4 /* Debug */,
				B65363651DB8013600EC80F4 /* Release */,
			);
			defaultConfigurationIsVisible = 0;
			defaultConfigurationName = Release;
		};
		B65363661DB8013600EC80F4 /* Build configuration list for PBXNativeTarget "CHPagedScrollView" */ = {
			isa = XCConfigurationList;
			buildConfigurations = (
				B65363671DB8013600EC80F4 /* Debug */,
				B65363681DB8013600EC80F4 /* Release */,
			);
			defaultConfigurationIsVisible = 0;
		};
		B65363691DB8013600EC80F4 /* Build configuration list for PBXNativeTarget "CHPagedScrollViewTests" */ = {
			isa = XCConfigurationList;
			buildConfigurations = (
				B653636A1DB8013600EC80F4 /* Debug */,
				B653636B1DB8013600EC80F4 /* Release */,
			);
			defaultConfigurationIsVisible = 0;
		};
		B653636C1DB8013600EC80F4 /* Build configuration list for PBXNativeTarget "CHPagedScrollViewUITests" */ = {
			isa = XCConfigurationList;
			buildConfigurations = (
				B653636D1DB8013600EC80F4 /* Debug */,
				B653636E1DB8013600EC80F4 /* Release */,
			);
			defaultConfigurationIsVisible = 0;
		};
/* End XCConfigurationList section */
	};
	rootObject = B65363361DB8013600EC80F4 /* Project object */;
}
